hash: 9f1c4c85ed33c9a8f3791adeb30f1c4cf2fd9e5354ea38f538f3b51e4a749edb
updated: 2018-10-22T23:20:52.139125+11:00
imports:
- name: github.com/AndreasBriese/bbloom
  version: 343706a395b76e5ca5c7dca46a5d937b48febc74
- name: github.com/astaxie/beego
  version: 5b8e468a138596a4d5c39b5095e5cf3ab74675d1
  subpackages:
  - config
  - context
  - context/param
  - grace
  - logs
  - session
  - toolbox
  - utils
- name: github.com/dgraph-io/badger
  version: fbb27786246d20213f31bad8bf33f1504837029f
  subpackages:
  - options
  - protos
  - skl
  - table
  - "y"
- name: github.com/dgryski/go-farm
  version: 2de33835d10275975374b37b2dcfd22c9020a1f5
- name: github.com/docker/distribution
  version: 1cb4180b1a5b9c029b2f2beaeb38f0b5cf64e12e
  subpackages:
  - digestset
  - reference
- name: github.com/docker/docker
  version: docs-v1.12.1-2016-08-12
  subpackages:
  - api
  - api/types
  - api/types/blkiodev
  - api/types/container
  - api/types/events
  - api/types/filters
  - api/types/image
  - api/types/mount
  - api/types/network
  - api/types/registry
  - api/types/strslice
  - api/types/swarm
  - api/types/swarm/runtime
  - api/types/time
  - api/types/versions
  - api/types/volume
  - client
  - errdefs
  - pkg/stdcopy
- name: github.com/docker/go-connections
  version: 7395e3f8aa162843a74ed6d48e79627d9792ac55
  subpackages:
  - nat
  - sockets
  - tlsconfig
- name: github.com/docker/go-units
  version: 47565b4f722fb6ceae66b95f853feed578a4a51c
- name: github.com/gogo/protobuf
  version: fd322a3c49630fe6d05737e2b7d9426e6680e28d
  subpackages:
  - proto
- name: github.com/golang/protobuf
  version: 7be3631955993a734965532f776bad7093f6fc9d
  subpackages:
  - proto
- name: github.com/Microsoft/go-winio
  version: 97e4973ce50b2ff5f09635a57e2b88a037aae829
- name: github.com/opencontainers/go-digest
  version: c9281466c8b2f606084ac71339773efd177436e7
- name: github.com/opencontainers/image-spec
  version: b6e51fa50549ee0bd5188494912a7f4c382cb0d4
  subpackages:
  - specs-go
  - specs-go/v1
- name: github.com/pkg/errors
  version: d58f94251046e7f70ac45aceea6cf6f61415ccca
- name: golang.org/x/crypto
  version: 0c41d7ab0a0ee717d4590a44bcb987dfd9e183eb
  subpackages:
  - acme
  - acme/autocert
- name: golang.org/x/net
  version: 04a2e542c03f1d053ab3e4d6e5abcd4b66e2be8e
  subpackages:
  - context
  - internal/socks
  - internal/timeseries
  - proxy
  - trace
- name: golang.org/x/sys
  version: 8b8824e799c8fc8e6d900615cc6c761ce6c26c67
  subpackages:
  - unix
  - windows
- name: gopkg.in/yaml.v2
  version: 5420a8b6744d3b0345ab293f6fcba19c978f1183
testImports:
- name: github.com/gopherjs/gopherjs
  version: 0766667cb4d1cfb8d5fde1fe210ae41ead3cf589
  subpackages:
  - js
- name: github.com/jtolds/gls
  version: 77f18212c9c7edc9bd6a33d383a7b545ce62f064
- name: github.com/smartystreets/assertions
  version: b2de0cb4f26d0705483a2f495d89896d0b808573
  subpackages:
  - internal/go-render/render
  - internal/oglematchers
- name: github.com/smartystreets/goconvey
  version: ef6db91d284a0e7badaa1f0c404c30aa7dee3aed
  subpackages:
  - convey
  - convey/gotest
  - convey/reporting
